{
  "originHash" : "17c9ebe000289aedea2ef9969356818e56262632696c36b74cb99290a8d5f2ff",
  "pins" : [
    {
      "identity" : "qoometa",
      "kind" : "remoteSourceControl",
      "location" : "https://github.com/qoo-oji/qooMeta",
      "state" : {
        "revision" : "36b44a3da8f98db73b0b6c7a074966b24bee6323",
        "version" : "0.2.1"
      }
    },
    {
      "identity" : "sevenzip.swift",
      "kind" : "remoteSourceControl",
      "location" : "https://github.com/qoo-oji/SevenZip.swift",
      "state" : {
        "branch" : "streaming-extract",
        "revision" : "0b4c1b96b5ba757d5db51441de7b663d8e5cf2e3"
      }
    },
    {
      "identity" : "unrar.swift",
      "kind" : "remoteSourceControl",
      "location" : "https://github.com/qoo-oji/Unrar.swift",
      "state" : {
        "branch" : "memory-archive",
        "revision" : "2d2982ecb94e4189db44f7690f0f1628186da01f"
      }
    },
    {
      "identity" : "zipfoundation",
      "kind" : "remoteSourceControl",
      "location" : "https://github.com/weichsel/ZIPFoundation",
      "state" : {
        "revision" : "22787ffb59de99e5dc1fbfe80b19c97a904ad48d",
        "version" : "0.9.20"
      }
    }
  ],
  "version" : 3
}
