{
  "originHash" : "ea0d4f4eb78b01f511fe67331a792dc97ef8b850f287aadca95386884c037acf",
  "pins" : [
    {
      "identity" : "qoometa",
      "kind" : "remoteSourceControl",
      "location" : "https://github.com/qoo-oji/qooMeta",
      "state" : {
        "revision" : "ec83c440c5cc2a0c8fd8dd87e6182367175c4875",
        "version" : "0.3.0"
      }
    },
    {
      "identity" : "sevenzip.swift",
      "kind" : "remoteSourceControl",
      "location" : "https://github.com/qoo-oji/SevenZip.swift",
      "state" : {
        "branch" : "streaming-extract",
        "revision" : "4db7571af50325bdb5f726a33f345732ab95e990"
      }
    },
    {
      "identity" : "sparkle",
      "kind" : "remoteSourceControl",
      "location" : "https://github.com/sparkle-project/Sparkle",
      "state" : {
        "revision" : "eef1a539a373c1f1a320624b1130fc5de7b2e100",
        "version" : "2.10.0"
      }
    },
    {
      "identity" : "unrar.swift",
      "kind" : "remoteSourceControl",
      "location" : "https://github.com/qoo-oji/Unrar.swift",
      "state" : {
        "branch" : "memory-archive",
        "revision" : "70fe20d552c8b00ae1c35993d3759d68424c7050"
      }
    },
    {
      "identity" : "zipfoundation",
      "kind" : "remoteSourceControl",
      "location" : "https://github.com/weichsel/ZIPFoundation",
      "state" : {
        "revision" : "22787ffb59de99e5dc1fbfe80b19c97a904ad48d",
        "version" : "0.9.20"
      }
    }
  ],
  "version" : 3
}
